<?xml version="1.0" encoding="utf-8"?>
<Project ToolsVersion="4.0" xmlns="http://schemas.microsoft.com/developer/msbuild/2003">
  <ItemGroup>
    <ClCompile Include="main.cpp" />
    <ClCompile Include="Cargo.cpp" />
    <ClCompile Include="Time.cpp" />
    <ClCompile Include="Truck.cpp" />
    <ClCompile Include="Event.cpp" />
    <ClCompile Include="Promotion.cpp" />
    <ClCompile Include="Company.cpp" />
    <ClCompile Include="Cancellation.cpp" />
    <ClCompile Include="Preparation.cpp" />
    <ClCompile Include="UI.cpp" />
    <ClCompile Include="MaintenanceTrucks.cpp" />
  </ItemGroup>
  <ItemGroup>
    <ClInclude Include="ArrayList.h" />
    <ClInclude Include="PriorityQueue.h" />
    <ClInclude Include="ListInterface.h" />
    <ClInclude Include="Node.h" />
    <ClInclude Include="QueueInterface.h" />
    <ClInclude Include="MapInterface.h" />
    <ClInclude Include="HashMap.h" />
    <ClInclude Include="LinkedList.h" />
    <ClInclude Include="HNode.h" />
    <ClInclude Include="HLinkedList.h" />
    <ClInclude Include="CrossLinkedList.h" />
    <ClInclude Include="Cargo.h" />
    <ClInclude Include="Time.h" />
    <ClInclude Include="Truck.h" />
    <ClInclude Include="Event.h" />
    <ClInclude Include="Promotion.h" />
    <ClInclude Include="Queue.h" />
    <ClInclude Include="Company.h" />
    <ClInclude Include="Cancellation.h" />
    <ClInclude Include="Preparation.h" />
    <ClInclude Include="UI.h" />
    <ClInclude Include="Container.h" />
    <ClInclude Include="MaintenanceTrucks.h" />
  </ItemGroup>
</Project>